// !$*UTF8*$!
{
	archiveVersion = 1;
	classes = {
	};
	objectVersion = 52;
	objects = {

/* Begin PBXBuildFile section */
		695682D4248E122100D05167 /* xqc_dummy.c in Sources */ = {isa = PBXBuildFile; fileRef = 695682D2248E122100D05167 /* xqc_dummy.c */; platformFilter = ios; settings = {ATTRIBUTES = (Public, ); }; };
		695682E2248F5A3B00D05167 /* xqc_configure.h in Headers */ = {isa = PBXBuildFile; fileRef = 695682DE248F5A3B00D05167 /* xqc_configure.h */; settings = {ATTRIBUTES = (Public, ); }; };
		695682E3248F5A3B00D05167 /* xquic.h in Headers */ = {isa = PBXBuildFile; fileRef = 695682DF248F5A3B00D05167 /* xquic.h */; settings = {ATTRIBUTES = (Public, ); }; };
		695682E4248F5A3B00D05167 /* xqc_errno.h in Headers */ = {isa = PBXBuildFile; fileRef = 695682E0248F5A3B00D05167 /* xqc_errno.h */; settings = {ATTRIBUTES = (Public, ); }; };
		695682E5248F5A3B00D05167 /* xquic_typedef.h in Headers */ = {isa = PBXBuildFile; fileRef = 695682E1248F5A3B00D05167 /* xquic_typedef.h */; settings = {ATTRIBUTES = (Public, ); }; };
		695682E9248F5A4200D05167 /* libxquic.a in Frameworks */ = {isa = PBXBuildFile; fileRef = 695682E6248F5A4200D05167 /* libxquic.a */; };
		695682EA248F5A4200D05167 /* libcrypto.a in Frameworks */ = {isa = PBXBuildFile; fileRef = 695682E7248F5A4200D05167 /* libcrypto.a */; };
		695682EB248F5A4200D05167 /* libssl.a in Frameworks */ = {isa = PBXBuildFile; fileRef = 695682E8248F5A4200D05167 /* libssl.a */; };
/* End PBXBuildFile section */

/* Begin PBXFileReference section */
		695682CF248E122100D05167 /* xquic.framework */ = {isa = PBXFileReference; explicitFileType = wrapper.framework; includeInIndex = 0; path = xquic.framework; sourceTree = BUILT_PRODUCTS_DIR; };
		695682D2248E122100D05167 /* xqc_dummy.c */ = {isa = PBXFileReference; lastKnownFileType = sourcecode.c.c; path = xqc_dummy.c; sourceTree = "<group>"; };
		695682D3248E122100D05167 /* Info.plist */ = {isa = PBXFileReference; lastKnownFileType = text.plist.xml; path = Info.plist; sourceTree = "<group>"; };
		695682DE248F5A3B00D05167 /* xqc_configure.h */ = {isa = PBXFileReference; fileEncoding = 4; lastKnownFileType = sourcecode.c.h; path = xqc_configure.h; sourceTree = "<group>"; };
		695682DF248F5A3B00D05167 /* xquic.h */ = {isa = PBXFileReference; fileEncoding = 4; lastKnownFileType = sourcecode.c.h; path = xquic.h; sourceTree = "<group>"; };
		695682E0248F5A3B00D05167 /* xqc_errno.h */ = {isa = PBXFileReference; fileEncoding = 4; lastKnownFileType = sourcecode.c.h; path = xqc_errno.h; sourceTree = "<group>"; };
		695682E1248F5A3B00D05167 /* xquic_typedef.h */ = {isa = PBXFileReference; fileEncoding = 4; lastKnownFileType = sourcecode.c.h; path = xquic_typedef.h; sourceTree = "<group>"; };
		695682E6248F5A4200D05167 /* libxquic.a */ = {isa = PBXFileReference; lastKnownFileType = archive.ar; path = libxquic.a; sourceTree = "<group>"; };
		695682E7248F5A4200D05167 /* libcrypto.a */ = {isa = PBXFileReference; lastKnownFileType = archive.ar; path = libcrypto.a; sourceTree = "<group>"; };
		695682E8248F5A4200D05167 /* libssl.a */ = {isa = PBXFileReference; lastKnownFileType = archive.ar; path = libssl.a; sourceTree = "<group>"; };
/* End PBXFileReference section */

/* Begin PBXFrameworksBuildPhase section */
		695682CC248E122100D05167 /* Frameworks */ = {
			isa = PBXFrameworksBuildPhase;
			buildActionMask = 2147483647;
			files = (
				695682EA248F5A4200D05167 /* libcrypto.a in Frameworks */,
				695682E9248F5A4200D05167 /* libxquic.a in Frameworks */,
				695682EB248F5A4200D05167 /* libssl.a in Frameworks */,
			);
			runOnlyForDeploymentPostprocessing = 0;
		};
/* End PBXFrameworksBuildPhase section */

/* Begin PBXGroup section */
		695682C5248E122100D05167 = {
			isa = PBXGroup;
			children = (
				695682D1248E122100D05167 /* xquic */,
				695682D0248E122100D05167 /* Products */,
			);
			sourceTree = "<group>";
		};
		695682D0248E122100D05167 /* Products */ = {
			isa = PBXGroup;
			children = (
				695682CF248E122100D05167 /* xquic.framework */,
			);
			name = Products;
			sourceTree = "<group>";
		};
		695682D1248E122100D05167 /* xquic */ = {
			isa = PBXGroup;
			children = (
				695682DB248E129A00D05167 /* Libs */,
				695682DA248E129300D05167 /* Headers */,
				695682D2248E122100D05167 /* xqc_dummy.c */,
				695682D3248E122100D05167 /* Info.plist */,
			);
			path = xquic;
			sourceTree = "<group>";
		};
		695682DA248E129300D05167 /* Headers */ = {
			isa = PBXGroup;
			children = (
				695682DE248F5A3B00D05167 /* xqc_configure.h */,
				695682E0248F5A3B00D05167 /* xqc_errno.h */,
				695682E1248F5A3B00D05167 /* xquic_typedef.h */,
				695682DF248F5A3B00D05167 /* xquic.h */,
			);
			path = Headers;
			sourceTree = "<group>";
		};
		695682DB248E129A00D05167 /* Libs */ = {
			isa = PBXGroup;
			children = (
				695682E7248F5A4200D05167 /* libcrypto.a */,
				695682E8248F5A4200D05167 /* libssl.a */,
				695682E6248F5A4200D05167 /* libxquic.a */,
			);
			path = Libs;
			sourceTree = "<group>";
		};
/* End PBXGroup section */

/* Begin PBXHeadersBuildPhase section */
		695682CA248E122100D05167 /* Headers */ = {
			isa = PBXHeadersBuildPhase;
			buildActionMask = 2147483647;
			files = (
				695682E4248F5A3B00D05167 /* xqc_errno.h in Headers */,
				695682E2248F5A3B00D05167 /* xqc_configure.h in Headers */,
				695682E3248F5A3B00D05167 /* xquic.h in Headers */,
				695682E5248F5A3B00D05167 /* xquic_typedef.h in Headers */,
			);
			runOnlyForDeploymentPostprocessing = 0;
		};
/* End PBXHeadersBuildPhase section */

/* Begin PBXNativeTarget section */
		695682CE248E122100D05167 /* xquic */ = {
			isa = PBXNativeTarget;
			buildConfigurationList = 695682D7248E122100D05167 /* Build configuration list for PBXNativeTarget "xquic" */;
			buildPhases = (
				695682CA248E122100D05167 /* Headers */,
				695682CB248E122100D05167 /* Sources */,
				695682CC248E122100D05167 /* Frameworks */,
				695682CD248E122100D05167 /* Resources */,
			);
			buildRules = (
			);
			dependencies = (
			);
			name = xquic;
			productName = xquic;
			productReference = 695682CF248E122100D05167 /* xquic.framework */;
			productType = "com.apple.product-type.framework";
		};
/* End PBXNativeTarget section */

/* Begin PBXProject section */
		695682C6248E122100D05167 /* Project object */ = {
			isa = PBXProject;
			attributes = {
				LastUpgradeCheck = 1150;
				ORGANIZATIONNAME = david.sw;
				TargetAttributes = {
					695682CE248E122100D05167 = {
						CreatedOnToolsVersion = 11.5;
					};
				};
			};
			buildConfigurationList = 695682C9248E122100D05167 /* Build configuration list for PBXProject "xquic" */;
			compatibilityVersion = "Xcode 9.3";
			developmentRegion = en;
			hasScannedForEncodings = 0;
			knownRegions = (
				en,
				Base,
			);
			mainGroup = 695682C5248E122100D05167;
			productRefGroup = 695682D0248E122100D05167 /* Products */;
			projectDirPath = "";
			projectRoot = "";
			targets = (
				695682CE248E122100D05167 /* xquic */,
			);
		};
/* End PBXProject section */

/* Begin PBXResourcesBuildPhase section */
		695682CD248E122100D05167 /* Resources */ = {
			isa = PBXResourcesBuildPhase;
			buildActionMask = 2147483647;
			files = (
			);
			runOnlyForDeploymentPostprocessing = 0;
		};
/* End PBXResourcesBuildPhase section */

/* Begin PBXSourcesBuildPhase section */
		695682CB248E122100D05167 /* Sources */ = {
			isa = PBXSourcesBuildPhase;
			buildActionMask = 2147483647;
			files = (
				695682D4248E122100D05167 /* xqc_dummy.c in Sources */,
			);
			runOnlyForDeploymentPostprocessing = 0;
		};
/* End PBXSourcesBuildPhase section */

/* Begin XCBuildConfiguration section */
		695682D5248E122100D05167 /* Debug */ = {
			isa = XCBuildConfiguration;
			buildSettings = {
				ALWAYS_SEARCH_USER_PATHS = NO;
				CLANG_ANALYZER_NONNULL = YES;
				CLANG_ANALYZER_NUMBER_OBJECT_CONVERSION = YES_AGGRESSIVE;
				CLANG_CXX_LANGUAGE_STANDARD = "gnu++14";
				CLANG_CXX_LIBRARY = "libc++";
				CLANG_ENABLE_MODULES = YES;
				CLANG_ENABLE_OBJC_ARC = YES;
				CLANG_ENABLE_OBJC_WEAK = YES;
				CLANG_WARN_BLOCK_CAPTURE_AUTORELEASING = YES;
				CLANG_WARN_BOOL_CONVERSION = YES;
				CLANG_WARN_COMMA = YES;
				CLANG_WARN_CONSTANT_CONVERSION = YES;
				CLANG_WARN_DEPRECATED_OBJC_IMPLEMENTATIONS = YES;
				CLANG_WARN_DIRECT_OBJC_ISA_USAGE = YES_ERROR;
				CLANG_WARN_DOCUMENTATION_COMMENTS = YES;
				CLANG_WARN_EMPTY_BODY = YES;
				CLANG_WARN_ENUM_CONVERSION = YES;
				CLANG_WARN_INFINITE_RECURSION = YES;
				CLANG_WARN_INT_CONVERSION = YES;
				CLANG_WARN_NON_LITERAL_NULL_CONVERSION = YES;
				CLANG_WARN_OBJC_IMPLICIT_RETAIN_SELF = YES;
				CLANG_WARN_OBJC_LITERAL_CONVERSION = YES;
				CLANG_WARN_OBJC_ROOT_CLASS = YES_ERROR;
				CLANG_WARN_RANGE_LOOP_ANALYSIS = YES;
				CLANG_WARN_STRICT_PROTOTYPES = YES;
				CLANG_WARN_SUSPICIOUS_MOVE = YES;
				CLANG_WARN_UNGUARDED_AVAILABILITY = YES_AGGRESSIVE;
				CLANG_WARN_UNREACHABLE_CODE = YES;
				CLANG_WARN__DUPLICATE_METHOD_MATCH = YES;
				COPY_PHASE_STRIP = NO;
				CURRENT_PROJECT_VERSION = 1;
				DEBUG_INFORMATION_FORMAT = dwarf;
				ENABLE_STRICT_OBJC_MSGSEND = YES;
				ENABLE_TESTABILITY = YES;
				GCC_C_LANGUAGE_STANDARD = gnu11;
				GCC_DYNAMIC_NO_PIC = NO;
				GCC_LINK_WITH_DYNAMIC_LIBRARIES = NO;
				GCC_NO_COMMON_BLOCKS = YES;
				GCC_OPTIMIZATION_LEVEL = 0;
				GCC_PREPROCESSOR_DEFINITIONS = (
					"DEBUG=1",
					"$(inherited)",
				);
				GCC_WARN_64_TO_32_BIT_CONVERSION = YES;
				GCC_WARN_ABOUT_RETURN_TYPE = YES_ERROR;
				GCC_WARN_UNDECLARED_SELECTOR = YES;
				GCC_WARN_UNINITIALIZED_AUTOS = YES_AGGRESSIVE;
				GCC_WARN_UNUSED_FUNCTION = YES;
				GCC_WARN_UNUSED_VARIABLE = YES;
				IPHONEOS_DEPLOYMENT_TARGET = 13.5;
				MTL_ENABLE_DEBUG_INFO = INCLUDE_SOURCE;
				MTL_FAST_MATH = YES;
				ONLY_ACTIVE_ARCH = YES;
				SDKROOT = iphoneos;
				VERSIONING_SYSTEM = "apple-generic";
				VERSION_INFO_PREFIX = "";
			};
			name = Debug;
		};
		695682D6248E122100D05167 /* Release */ = {
			isa = XCBuildConfiguration;
			buildSettings = {
				ALWAYS_SEARCH_USER_PATHS = NO;
				CLANG_ANALYZER_NONNULL = YES;
				CLANG_ANALYZER_NUMBER_OBJECT_CONVERSION = YES_AGGRESSIVE;
				CLANG_CXX_LANGUAGE_STANDARD = "gnu++14";
				CLANG_CXX_LIBRARY = "libc++";
				CLANG_ENABLE_MODULES = YES;
				CLANG_ENABLE_OBJC_ARC = YES;
				CLANG_ENABLE_OBJC_WEAK = YES;
				CLANG_WARN_BLOCK_CAPTURE_AUTORELEASING = YES;
				CLANG_WARN_BOOL_CONVERSION = YES;
				CLANG_WARN_COMMA = YES;
				CLANG_WARN_CONSTANT_CONVERSION = YES;
				CLANG_WARN_DEPRECATED_OBJC_IMPLEMENTATIONS = YES;
				CLANG_WARN_DIRECT_OBJC_ISA_USAGE = YES_ERROR;
				CLANG_WARN_DOCUMENTATION_COMMENTS = YES;
				CLANG_WARN_EMPTY_BODY = YES;
				CLANG_WARN_ENUM_CONVERSION = YES;
				CLANG_WARN_INFINITE_RECURSION = YES;
				CLANG_WARN_INT_CONVERSION = YES;
				CLANG_WARN_NON_LITERAL_NULL_CONVERSION = YES;
				CLANG_WARN_OBJC_IMPLICIT_RETAIN_SELF = YES;
				CLANG_WARN_OBJC_LITERAL_CONVERSION = YES;
				CLANG_WARN_OBJC_ROOT_CLASS = YES_ERROR;
				CLANG_WARN_RANGE_LOOP_ANALYSIS = YES;
				CLANG_WARN_STRICT_PROTOTYPES = YES;
				CLANG_WARN_SUSPICIOUS_MOVE = YES;
				CLANG_WARN_UNGUARDED_AVAILABILITY = YES_AGGRESSIVE;
				CLANG_WARN_UNREACHABLE_CODE = YES;
				CLANG_WARN__DUPLICATE_METHOD_MATCH = YES;
				COPY_PHASE_STRIP = NO;
				CURRENT_PROJECT_VERSION = 1;
				DEBUG_INFORMATION_FORMAT = "dwarf-with-dsym";
				ENABLE_NS_ASSERTIONS = NO;
				ENABLE_STRICT_OBJC_MSGSEND = YES;
				GCC_C_LANGUAGE_STANDARD = gnu11;
				GCC_LINK_WITH_DYNAMIC_LIBRARIES = NO;
				GCC_NO_COMMON_BLOCKS = YES;
				GCC_WARN_64_TO_32_BIT_CONVERSION = YES;
				GCC_WARN_ABOUT_RETURN_TYPE = YES_ERROR;
				GCC_WARN_UNDECLARED_SELECTOR = YES;
				GCC_WARN_UNINITIALIZED_AUTOS = YES_AGGRESSIVE;
				GCC_WARN_UNUSED_FUNCTION = YES;
				GCC_WARN_UNUSED_VARIABLE = YES;
				IPHONEOS_DEPLOYMENT_TARGET = 13.5;
				MTL_ENABLE_DEBUG_INFO = NO;
				MTL_FAST_MATH = YES;
				SDKROOT = iphoneos;
				VALIDATE_PRODUCT = YES;
				VERSIONING_SYSTEM = "apple-generic";
				VERSION_INFO_PREFIX = "";
			};
			name = Release;
		};
		695682D8248E122100D05167 /* Debug */ = {
			isa = XCBuildConfiguration;
			buildSettings = {
				"CODE_SIGN_IDENTITY[sdk=macosx*]" = "Apple Development";
				CODE_SIGN_STYLE = Automatic;
				DEAD_CODE_STRIPPING = NO;
				DEFINES_MODULE = YES;
				DEVELOPMENT_TEAM = DLSG5V6DAJ;
				DYLIB_COMPATIBILITY_VERSION = 1;
				DYLIB_CURRENT_VERSION = 1;
				DYLIB_INSTALL_NAME_BASE = "@rpath";
				INFOPLIST_FILE = xquic/Info.plist;
				INSTALL_PATH = "$(LOCAL_LIBRARY_DIR)/Frameworks";
				LD_RUNPATH_SEARCH_PATHS = (
					"$(inherited)",
					"@executable_path/Frameworks",
					"@loader_path/Frameworks",
				);
				LIBRARY_SEARCH_PATHS = (
					"$(inherited)",
					"$(PROJECT_DIR)/xquic/Libs",
				);
				MACH_O_TYPE = staticlib;
				ONLY_ACTIVE_ARCH = NO;
				PRODUCT_BUNDLE_IDENTIFIER = david.sw.xquic;
				PRODUCT_NAME = "$(TARGET_NAME:c99extidentifier)";
				SKIP_INSTALL = YES;
				STRIP_INSTALLED_PRODUCT = NO;
				TARGETED_DEVICE_FAMILY = "1,2";
			};
			name = Debug;
		};
		695682D9248E122100D05167 /* Release */ = {
			isa = XCBuildConfiguration;
			buildSettings = {
				"CODE_SIGN_IDENTITY[sdk=macosx*]" = "Apple Development";
				CODE_SIGN_STYLE = Automatic;
				DEAD_CODE_STRIPPING = NO;
				DEFINES_MODULE = YES;
				DEVELOPMENT_TEAM = DLSG5V6DAJ;
				DYLIB_COMPATIBILITY_VERSION = 1;
				DYLIB_CURRENT_VERSION = 1;
				DYLIB_INSTALL_NAME_BASE = "@rpath";
				INFOPLIST_FILE = xquic/Info.plist;
				INSTALL_PATH = "$(LOCAL_LIBRARY_DIR)/Frameworks";
				LD_RUNPATH_SEARCH_PATHS = (
					"$(inherited)",
					"@executable_path/Frameworks",
					"@loader_path/Frameworks",
				);
				LIBRARY_SEARCH_PATHS = (
					"$(inherited)",
					"$(PROJECT_DIR)/xquic/Libs",
				);
				MACH_O_TYPE = staticlib;
				ONLY_ACTIVE_ARCH = NO;
				PRODUCT_BUNDLE_IDENTIFIER = david.sw.xquic;
				PRODUCT_NAME = "$(TARGET_NAME:c99extidentifier)";
				SKIP_INSTALL = YES;
				STRIP_INSTALLED_PRODUCT = NO;
				TARGETED_DEVICE_FAMILY = "1,2";
			};
			name = Release;
		};
/* End XCBuildConfiguration section */

/* Begin XCConfigurationList section */
		695682C9248E122100D05167 /* Build configuration list for PBXProject "xquic" */ = {
			isa = XCConfigurationList;
			buildConfigurations = (
				695682D5248E122100D05167 /* Debug */,
				695682D6248E122100D05167 /* Release */,
			);
			defaultConfigurationIsVisible = 0;
			defaultConfigurationName = Release;
		};
		695682D7248E122100D05167 /* Build configuration list for PBXNativeTarget "xquic" */ = {
			isa = XCConfigurationList;
			buildConfigurations = (
				695682D8248E122100D05167 /* Debug */,
				695682D9248E122100D05167 /* Release */,
			);
			defaultConfigurationIsVisible = 0;
			defaultConfigurationName = Release;
		};
/* End XCConfigurationList section */
	};
	rootObject = 695682C6248E122100D05167 /* Project object */;
}
